
Microsoft Visual Studio Solution File, Format Version 12.00
# Visual Studio Version 16
VisualStudioVersion = 16.0.29926.136
MinimumVisualStudioVersion = 10.0.40219.1
Project("{9A19103F-16F7-4668-BE54-9A1E7A4F7556}") = "1 - Komodo Cafe", "GoldBadgeChallenges\1 - Komodo Cafe.csproj", "{8583C04E-32CE-4B54-B0DF-BD5CAF7BCF92}"
EndProject
Project("{9A19103F-16F7-4668-BE54-9A1E7A4F7556}") = "5 - Komodo Email Problem", "Komodo Email Problem\5 - Komodo Email Problem.csproj", "{D9988F3A-E4BB-43CA-91FB-CE7682A5822B}"
EndProject
Project("{9A19103F-16F7-4668-BE54-9A1E7A4F7556}") = "4 - Komodo Outings", "Komodo Outings -4\4 - Komodo Outings.csproj", "{EC0C6023-7792-4F4A-9CBA-CCE7643DCD86}"
EndProject
Global
	GlobalSection(SolutionConfigurationPlatforms) = preSolution
		Debug|Any CPU = Debug|Any CPU
		Release|Any CPU = Release|Any CPU
	EndGlobalSection
	GlobalSection(ProjectConfigurationPlatforms) = postSolution
		{8583C04E-32CE-4B54-B0DF-BD5CAF7BCF92}.Debug|Any CPU.ActiveCfg = Debug|Any CPU
		{8583C04E-32CE-4B54-B0DF-BD5CAF7BCF92}.Debug|Any CPU.Build.0 = Debug|Any CPU
		{8583C04E-32CE-4B54-B0DF-BD5CAF7BCF92}.Release|Any CPU.ActiveCfg = Release|Any CPU
		{8583C04E-32CE-4B54-B0DF-BD5CAF7BCF92}.Release|Any CPU.Build.0 = Release|Any CPU
		{D9988F3A-E4BB-43CA-91FB-CE7682A5822B}.Debug|Any CPU.ActiveCfg = Debug|Any CPU
		{D9988F3A-E4BB-43CA-91FB-CE7682A5822B}.Debug|Any CPU.Build.0 = Debug|Any CPU
		{D9988F3A-E4BB-43CA-91FB-CE7682A5822B}.Release|Any CPU.ActiveCfg = Release|Any CPU
		{D9988F3A-E4BB-43CA-91FB-CE7682A5822B}.Release|Any CPU.Build.0 = Release|Any CPU
		{EC0C6023-7792-4F4A-9CBA-CCE7643DCD86}.Debug|Any CPU.ActiveCfg = Debug|Any CPU
		{EC0C6023-7792-4F4A-9CBA-CCE7643DCD86}.Debug|Any CPU.Build.0 = Debug|Any CPU
		{EC0C6023-7792-4F4A-9CBA-CCE7643DCD86}.Release|Any CPU.ActiveCfg = Release|Any CPU
		{EC0C6023-7792-4F4A-9CBA-CCE7643DCD86}.Release|Any CPU.Build.0 = Release|Any CPU
	EndGlobalSection
	GlobalSection(SolutionProperties) = preSolution
		HideSolutionNode = FALSE
	EndGlobalSection
	GlobalSection(ExtensibilityGlobals) = postSolution
		SolutionGuid = {05DF4AB1-34A7-41BB-9A09-48494CE5D666}
	EndGlobalSection
EndGlobal
